lockVersion: 2.0.0
id: 82701e00-bc1b-47b7-919a-248b5554fc79
management:
  docChecksum: d22b695ac9c2eff17149b2ec9ac3eeb8
  docVersion: 1.0.0
  speakeasyVersion: 1.209.2
  generationVersion: 2.281.2
  releaseVersion: 0.0.1
  configChecksum: 0196d98badc32ce6b339ea460b17321a
features:
  go:
    additionalProperties: 0.1.2
    constsAndDefaults: 0.1.4
    core: 3.4.4
    flattening: 2.81.1
    globalSecurity: 2.82.8
    globalServerURLs: 2.82.2
    inputOutputModels: 2.83.0
    responseFormat: 0.1.0
    unions: 2.85.4
generatedFiles:
  - livepeer.go
  - go.mod
  - models/sdkerrors/sdkerror.go
  - types/bigint.go
  - types/date.go
  - types/datetime.go
  - types/decimal.go
  - types/pointers.go
  - internal/utils/contenttype.go
  - internal/utils/form.go
  - internal/utils/headers.go
  - internal/utils/json.go
  - internal/utils/pathparams.go
  - internal/utils/queryparams.go
  - internal/utils/requestbody.go
  - internal/utils/retries.go
  - internal/utils/security.go
  - internal/utils/utils.go
  - /models/operations/poststream.go
  - /models/operations/getstream.go
  - /models/operations/getstreamid.go
  - /models/operations/patchstreamid.go
  - /models/operations/deletestreamid.go
  - /models/operations/deletestreamidterminate.go
  - /models/operations/poststreamidstartpull.go
  - /models/operations/getmultistreamtarget.go
  - /models/operations/postmultistreamtarget.go
  - /models/operations/getmultistreamtargetid.go
  - /models/operations/patchmultistreamtargetid.go
  - /models/operations/deletemultistreamtargetid.go
  - /models/operations/getwebhook.go
  - /models/operations/postwebhook.go
  - /models/operations/getwebhookid.go
  - /models/operations/putwebhookid.go
  - /models/operations/deletewebhookid.go
  - /models/operations/getwebhookidlog.go
  - /models/operations/getwebhookidloglogid.go
  - /models/operations/postwebhookidloglogidresend.go
  - /models/operations/getasset.go
  - /models/operations/postassetrequestupload.go
  - /models/operations/postassetuploadurl.go
  - /models/operations/getassetassetid.go
  - /models/operations/patchassetassetid.go
  - /models/operations/deleteassetassetid.go
  - /models/operations/postclip.go
  - /models/operations/getstreamidclips.go
  - /models/operations/poststreamidcreatemultistreamtarget.go
  - /models/operations/deletestreamidmultistreamtargetid.go
  - /models/operations/getsessionidclips.go
  - /models/operations/postroom.go
  - /models/operations/getroomid.go
  - /models/operations/deleteroomid.go
  - /models/operations/postroomidegress.go
  - /models/operations/deleteroomidegress.go
  - /models/operations/postroomiduser.go
  - /models/operations/getroomiduseruserid.go
  - /models/operations/putroomiduseruserid.go
  - /models/operations/deleteroomiduseruserid.go
  - /models/operations/getdataviewsquery.go
  - /models/operations/getdataviewsquerycreator.go
  - /models/operations/getdataviewsquerytotalplaybackid.go
  - /models/operations/getdatausagequery.go
  - /models/operations/getsession.go
  - /models/operations/getsessionid.go
  - /models/operations/getstreamparentidsessions.go
  - /models/operations/postaccesscontrolsigningkey.go
  - /models/operations/getaccesscontrolsigningkey.go
  - /models/operations/deleteaccesscontrolsigningkeykeyid.go
  - /models/operations/getaccesscontrolsigningkeykeyid.go
  - /models/operations/patchaccesscontrolsigningkeykeyid.go
  - /models/operations/gettask.go
  - /models/operations/gettasktaskid.go
  - /models/operations/posttranscode.go
  - /models/operations/getplaybackid.go
  - /models/sdkerrors/error.go
  - /models/components/stream.go
  - /models/components/targetoutput.go
  - /models/components/ffmpegprofile.go
  - /models/components/playbackpolicy.go
  - /models/components/creatorid.go
  - /models/components/httpmetadata.go
  - /models/components/newstreampayload.go
  - /models/components/usertags.go
  - /models/components/multistream.go
  - /models/components/target.go
  - /models/components/inputcreatorid.go
  - /models/components/pull.go
  - /models/components/streampatchpayload.go
  - /models/components/multistreamtarget.go
  - /models/components/multistreamtargetinput.go
  - /models/components/multistreamtargetpatchpayload.go
  - /models/components/webhook.go
  - /models/components/webhooklog.go
  - /models/components/asset.go
  - /models/components/storagestatus.go
  - /models/components/ipfsfileinfo.go
  - /models/components/encryption.go
  - /models/components/newassetpayload.go
  - /models/components/transcodeprofile.go
  - /models/components/spec.go
  - /models/components/assetpatchpayload.go
  - /models/components/storage.go
  - /models/components/clippayload.go
  - /models/components/targetaddpayload.go
  - /models/components/createroomresponse.go
  - /models/components/room.go
  - /models/components/roomegresspayload.go
  - /models/components/roomuserresponse.go
  - /models/components/roomuserpayload.go
  - /models/components/getroomuserresponse.go
  - /models/components/roomuserupdatepayload.go
  - /models/components/viewershipmetric.go
  - /models/components/usagemetric.go
  - /models/components/session.go
  - /models/components/signingkey.go
  - /models/components/task.go
  - /models/components/ipfsexportparams.go
  - /models/components/exporttaskparams.go
  - /models/components/transcodepayload.go
  - /models/components/playbackinfo.go
  - /models/components/attestation.go
  - /models/components/security.go
  - docs/models/operations/poststreamresponse.md
  - docs/models/operations/getstreamrequest.md
  - docs/models/operations/getstreamresponse.md
  - docs/models/operations/getstreamidrequest.md
  - docs/models/operations/getstreamidresponse.md
  - docs/models/operations/patchstreamidrequest.md
  - docs/models/operations/patchstreamidresponse.md
  - docs/models/operations/deletestreamidrequest.md
  - docs/models/operations/deletestreamidresponse.md
  - docs/models/operations/deletestreamidterminaterequest.md
  - docs/models/operations/deletestreamidterminateresponse.md
  - docs/models/operations/poststreamidstartpullrequest.md
  - docs/models/operations/poststreamidstartpullresponse.md
  - docs/models/operations/getmultistreamtargetresponse.md
  - docs/models/operations/postmultistreamtargetresponse.md
  - docs/models/operations/getmultistreamtargetidrequest.md
  - docs/models/operations/getmultistreamtargetidresponse.md
  - docs/models/operations/patchmultistreamtargetidrequest.md
  - docs/models/operations/patchmultistreamtargetidresponse.md
  - docs/models/operations/deletemultistreamtargetidrequest.md
  - docs/models/operations/deletemultistreamtargetidresponse.md
  - docs/models/operations/getwebhookresponse.md
  - docs/models/operations/postwebhookresponse.md
  - docs/models/operations/getwebhookidrequest.md
  - docs/models/operations/getwebhookidresponse.md
  - docs/models/operations/putwebhookidrequest.md
  - docs/models/operations/putwebhookidresponse.md
  - docs/models/operations/deletewebhookidrequest.md
  - docs/models/operations/deletewebhookidresponse.md
  - docs/models/operations/getwebhookidlogrequest.md
  - docs/models/operations/getwebhookidlogresponse.md
  - docs/models/operations/getwebhookidloglogidrequest.md
  - docs/models/operations/getwebhookidloglogidresponse.md
  - docs/models/operations/postwebhookidloglogidresendrequest.md
  - docs/models/operations/postwebhookidloglogidresendresponse.md
  - docs/models/operations/getassetresponse.md
  - docs/models/operations/task.md
  - docs/models/operations/postassetrequestuploadresponsebody.md
  - docs/models/operations/postassetrequestuploadresponse.md
  - docs/models/operations/postassetuploadurltask.md
  - docs/models/operations/postassetuploadurlresponsebody.md
  - docs/models/operations/postassetuploadurlresponse.md
  - docs/models/operations/getassetassetidrequest.md
  - docs/models/operations/getassetassetidresponse.md
  - docs/models/operations/patchassetassetidrequest.md
  - docs/models/operations/patchassetassetidresponse.md
  - docs/models/operations/deleteassetassetidrequest.md
  - docs/models/operations/deleteassetassetidresponse.md
  - docs/models/operations/postcliptask.md
  - docs/models/operations/postclipresponsebody.md
  - docs/models/operations/postclipresponse.md
  - docs/models/operations/getstreamidclipsrequest.md
  - docs/models/operations/getstreamidclipsresponse.md
  - docs/models/operations/poststreamidcreatemultistreamtargetrequest.md
  - docs/models/operations/poststreamidcreatemultistreamtargetresponse.md
  - docs/models/operations/deletestreamidmultistreamtargetidrequest.md
  - docs/models/operations/deletestreamidmultistreamtargetidresponse.md
  - docs/models/operations/getsessionidclipsrequest.md
  - docs/models/operations/getsessionidclipsresponse.md
  - docs/models/operations/postroomresponse.md
  - docs/models/operations/getroomidrequest.md
  - docs/models/operations/getroomidresponse.md
  - docs/models/operations/deleteroomidrequest.md
  - docs/models/operations/deleteroomidresponse.md
  - docs/models/operations/postroomidegressrequest.md
  - docs/models/operations/postroomidegressresponse.md
  - docs/models/operations/deleteroomidegressrequest.md
  - docs/models/operations/deleteroomidegressresponse.md
  - docs/models/operations/postroomiduserrequest.md
  - docs/models/operations/postroomiduserresponse.md
  - docs/models/operations/getroomiduseruseridrequest.md
  - docs/models/operations/getroomiduseruseridresponse.md
  - docs/models/operations/putroomiduseruseridrequest.md
  - docs/models/operations/putroomiduseruseridresponse.md
  - docs/models/operations/deleteroomiduseruseridrequest.md
  - docs/models/operations/deleteroomiduseruseridresponse.md
  - docs/models/operations/from.md
  - docs/models/operations/to.md
  - docs/models/operations/timestep.md
  - docs/models/operations/breakdownby.md
  - docs/models/operations/getdataviewsqueryrequest.md
  - docs/models/operations/getdataviewsqueryresponse.md
  - docs/models/operations/queryparamfrom.md
  - docs/models/operations/queryparamto.md
  - docs/models/operations/queryparamtimestep.md
  - docs/models/operations/queryparambreakdownby.md
  - docs/models/operations/getdataviewsquerycreatorrequest.md
  - docs/models/operations/getdataviewsquerycreatorresponse.md
  - docs/models/operations/getdataviewsquerytotalplaybackidrequest.md
  - docs/models/operations/getdataviewsquerytotalplaybackidresponsebody.md
  - docs/models/operations/getdataviewsquerytotalplaybackidresponse.md
  - docs/models/operations/getdatausagequeryqueryparamtimestep.md
  - docs/models/operations/getdatausagequeryrequest.md
  - docs/models/operations/getdatausagequeryresponse.md
  - docs/models/operations/getsessionresponse.md
  - docs/models/operations/getsessionidrequest.md
  - docs/models/operations/getsessionidresponse.md
  - docs/models/operations/getstreamparentidsessionsrequest.md
  - docs/models/operations/getstreamparentidsessionsresponse.md
  - docs/models/operations/postaccesscontrolsigningkeyresponse.md
  - docs/models/operations/getaccesscontrolsigningkeyresponse.md
  - docs/models/operations/deleteaccesscontrolsigningkeykeyidrequest.md
  - docs/models/operations/deleteaccesscontrolsigningkeykeyidresponse.md
  - docs/models/operations/getaccesscontrolsigningkeykeyidrequest.md
  - docs/models/operations/getaccesscontrolsigningkeykeyidresponse.md
  - docs/models/operations/patchaccesscontrolsigningkeykeyidrequestbody.md
  - docs/models/operations/patchaccesscontrolsigningkeykeyidrequest.md
  - docs/models/operations/patchaccesscontrolsigningkeykeyidresponse.md
  - docs/models/operations/gettaskresponse.md
  - docs/models/operations/gettasktaskidrequest.md
  - docs/models/operations/gettasktaskidresponse.md
  - docs/models/operations/posttranscoderesponse.md
  - docs/models/operations/getplaybackidrequest.md
  - docs/models/operations/getplaybackidresponse.md
  - docs/models/sdkerrors/error.md
  - docs/models/components/three.md
  - docs/models/components/streamusertags.md
  - docs/models/components/streamlocation.md
  - docs/models/components/streampull.md
  - docs/models/components/streammultistream.md
  - docs/models/components/stream.md
  - docs/models/components/targetoutput.md
  - docs/models/components/profile.md
  - docs/models/components/encoder.md
  - docs/models/components/ffmpegprofile.md
  - docs/models/components/type.md
  - docs/models/components/playbackpolicy.md
  - docs/models/components/creatoridtype.md
  - docs/models/components/creatorid1.md
  - docs/models/components/creatorid.md
  - docs/models/components/httpmetadata.md
  - docs/models/components/newstreampayload.md
  - docs/models/components/usertags3.md
  - docs/models/components/usertags.md
  - docs/models/components/multistream.md
  - docs/models/components/targetspec.md
  - docs/models/components/target.md
  - docs/models/components/inputcreatorid.md
  - docs/models/components/location.md
  - docs/models/components/pull.md
  - docs/models/components/streampatchpayload.md
  - docs/models/components/multistreamtarget.md
  - docs/models/components/multistreamtargetinput.md
  - docs/models/components/multistreamtargetpatchpayload.md
  - docs/models/components/events.md
  - docs/models/components/lastfailure.md
  - docs/models/components/status.md
  - docs/models/components/webhook.md
  - docs/models/components/request.md
  - docs/models/components/response.md
  - docs/models/components/webhooklog.md
  - docs/models/components/assettype.md
  - docs/models/components/assetsource3type.md
  - docs/models/components/source3.md
  - docs/models/components/assetsourcetype.md
  - docs/models/components/two.md
  - docs/models/components/sourcetype.md
  - docs/models/components/source1.md
  - docs/models/components/source.md
  - docs/models/components/assetnftmetadatatemplate.md
  - docs/models/components/assetnftmetadata.md
  - docs/models/components/assetspec.md
  - docs/models/components/assetipfs.md
  - docs/models/components/assetstorage.md
  - docs/models/components/assetphase.md
  - docs/models/components/assetstatus.md
  - docs/models/components/hash.md
  - docs/models/components/assetvideospectype.md
  - docs/models/components/tracks.md
  - docs/models/components/videospec.md
  - docs/models/components/asset.md
  - docs/models/components/phase.md
  - docs/models/components/tasks.md
  - docs/models/components/storagestatus.md
  - docs/models/components/ipfsfileinfo.md
  - docs/models/components/encryption.md
  - docs/models/components/ipfs1.md
  - docs/models/components/newassetpayloadipfs.md
  - docs/models/components/newassetpayloadstorage.md
  - docs/models/components/newassetpayloadencryption.md
  - docs/models/components/newassetpayload.md
  - docs/models/components/transcodeprofileprofile.md
  - docs/models/components/transcodeprofileencoder.md
  - docs/models/components/transcodeprofile.md
  - docs/models/components/nftmetadatatemplate.md
  - docs/models/components/nftmetadata.md
  - docs/models/components/spec.md
  - docs/models/components/assetpatchpayload.md
  - docs/models/components/one.md
  - docs/models/components/ipfs.md
  - docs/models/components/storage.md
  - docs/models/components/clippayload.md
  - docs/models/components/targetaddpayloadspec.md
  - docs/models/components/targetaddpayload.md
  - docs/models/components/createroomresponse.md
  - docs/models/components/participants.md
  - docs/models/components/room.md
  - docs/models/components/roomegresspayload.md
  - docs/models/components/roomuserresponse.md
  - docs/models/components/roomuserpayload.md
  - docs/models/components/getroomuserresponse.md
  - docs/models/components/roomuserupdatepayload.md
  - docs/models/components/viewershipmetric.md
  - docs/models/components/usagemetric.md
  - docs/models/components/recordingstatus.md
  - docs/models/components/session.md
  - docs/models/components/signingkey.md
  - docs/models/components/tasktype.md
  - docs/models/components/upload.md
  - docs/models/components/content.md
  - docs/models/components/taskexportdata.md
  - docs/models/components/taskinput.md
  - docs/models/components/taskstorage.md
  - docs/models/components/taskhls.md
  - docs/models/components/taskmp4.md
  - docs/models/components/taskoutputs.md
  - docs/models/components/transcodefile.md
  - docs/models/components/clipstrategy.md
  - docs/models/components/catalystpipelinestrategy.md
  - docs/models/components/clip.md
  - docs/models/components/params.md
  - docs/models/components/taskphase.md
  - docs/models/components/taskstatus.md
  - docs/models/components/taskupload.md
  - docs/models/components/taskipfs.md
  - docs/models/components/export.md
  - docs/models/components/taskoutputipfs.md
  - docs/models/components/exportdata.md
  - docs/models/components/output.md
  - docs/models/components/task.md
  - docs/models/components/pinata2.md
  - docs/models/components/pinata1.md
  - docs/models/components/pinata.md
  - docs/models/components/ipfsexportparams.md
  - docs/models/components/exporttaskparams2.md
  - docs/models/components/custom.md
  - docs/models/components/exporttaskparams1.md
  - docs/models/components/exporttaskparams.md
  - docs/models/components/inputtype.md
  - docs/models/components/credentials.md
  - docs/models/components/input2.md
  - docs/models/components/input1.md
  - docs/models/components/input.md
  - docs/models/components/transcodepayloadstoragetype.md
  - docs/models/components/transcodepayloadstoragecredentials.md
  - docs/models/components/storage2.md
  - docs/models/components/storagetype.md
  - docs/models/components/storagecredentials.md
  - docs/models/components/storage1.md
  - docs/models/components/transcodepayloadstorage.md
  - docs/models/components/hls.md
  - docs/models/components/mp4.md
  - docs/models/components/fmp4.md
  - docs/models/components/outputs.md
  - docs/models/components/transcodepayload.md
  - docs/models/components/playbackinfotype.md
  - docs/models/components/hrn.md
  - docs/models/components/playbackinfometatype.md
  - docs/models/components/playbackinfosource.md
  - docs/models/components/playbackinfohrn.md
  - docs/models/components/playbackinfometadvrplaybacktype.md
  - docs/models/components/dvrplayback.md
  - docs/models/components/meta.md
  - docs/models/components/playbackinfo.md
  - docs/models/components/primarytype.md
  - docs/models/components/name.md
  - docs/models/components/version.md
  - docs/models/components/domain.md
  - docs/models/components/attestations.md
  - docs/models/components/message.md
  - docs/models/components/signaturetype.md
  - docs/models/components/attestationipfs.md
  - docs/models/components/attestationstorage.md
  - docs/models/components/attestation.md
  - docs/models/components/security.md
  - docs/sdks/livepeer/README.md
  - USAGE.md
  - .gitattributes
  - internal/hooks/hooks.go
