speakeasyVersion: 1.300.1
sources:
    livepeer-studio-api:
        sourceNamespace: livepeer-studio-api
        sourceRevisionDigest: sha256:89db485b5f6c9639f919ae37c053371008e16b0a0fc203aac95e00ba27b6f4cf
        sourceBlobDigest: sha256:144ff72f8583b44b39cca15056420e954db2957591f22fc8e10a3369badf1bd7
        tags:
            - latest
            - main
targets:
    livepeer-go:
        source: livepeer-studio-api
        sourceNamespace: livepeer-studio-api
        sourceRevisionDigest: sha256:89db485b5f6c9639f919ae37c053371008e16b0a0fc203aac95e00ba27b6f4cf
        sourceBlobDigest: sha256:144ff72f8583b44b39cca15056420e954db2957591f22fc8e10a3369badf1bd7
        outLocation: /github/workspace/repo
workflow:
    workflowVersion: 1.0.0
    speakeasyVersion: latest
    sources:
        livepeer-studio-api:
            inputs:
                - location: https://raw.githubusercontent.com/livepeer/studio/master/packages/api/src/schema/api-schema.yaml
            overlays:
                - location: ./overlay.yaml
            registry:
                location: registry.speakeasyapi.dev/livepeer/livepeer-studio/livepeer-studio-api
    targets:
        livepeer-go:
            target: go
            source: livepeer-studio-api
            codeSamples:
                output: codeSamples.yaml
