speakeasyVersion: 1.296.0
sources:
    livepeer-studio-api:
        sourceNamespace: livepeer-studio-api
        sourceRevisionDigest: sha256:fcf3ed26f77d003444f896e48452f794687e85fa5826da252e3c27e91bdc7cec
        sourceBlobDigest: sha256:5a97d733e029650c5a9fa556d69518400fe98e9eb87e8a7ad294d6a20e896226
        tags:
            - latest
targets:
    livepeer-go:
        source: livepeer-studio-api
        sourceNamespace: livepeer-studio-api
        sourceRevisionDigest: sha256:fcf3ed26f77d003444f896e48452f794687e85fa5826da252e3c27e91bdc7cec
        sourceBlobDigest: sha256:5a97d733e029650c5a9fa556d69518400fe98e9eb87e8a7ad294d6a20e896226
        outLocation: /Users/chase/git/livepeer/livepeer-go
workflow:
    workflowVersion: 1.0.0
    speakeasyVersion: latest
    sources:
        livepeer-studio-api:
            inputs:
                - location: https://raw.githubusercontent.com/livepeer/studio/master/packages/api/src/schema/api-schema.yaml
            overlays:
                - location: ./overlay.yaml
            registry:
                location: registry.speakeasyapi.dev/livepeer/livepeer-studio/livepeer-studio-api
    targets:
        livepeer-go:
            target: go
            source: livepeer-studio-api
            codeSamples:
                output: codeSamples.yaml
